
Microsoft Visual Studio Solution File, Format Version 12.00
# Visual Studio Version 17
VisualStudioVersion = 17.10.35122.118
MinimumVisualStudioVersion = 10.0.40219.1
Project("{9A19103F-16F7-4668-BE54-9A1E7A4F7556}") = "SuperQoLity", "SMT_QoLity\SuperQoLity.csproj", "{41BCAF60-6308-47A6-80D0-4DD206F1D8C0}"
EndProject
Project("{9A19103F-16F7-4668-BE54-9A1E7A4F7556}") = "Damntry Globals", "..\..\!!Global Libraries\Damntry Globals\Damntry Globals.csproj", "{C50E4BA0-23CB-4D55-BF35-024917E7730D}"
EndProject
Project("{2150E333-8FDC-42A3-9474-1A3956D46DE8}") = "docs", "docs", "{09336125-EB57-48C1-913A-CC6D2487F246}"
	ProjectSection(SolutionItems) = preProject
		Docs\Changelog.md = Docs\Changelog.md
		Docs\icon.png = Docs\icon.png
		Docs\manifest.json = Docs\manifest.json
		Docs\icon_400.png = Docs\icon_400.png
		Docs\README.md = Docs\README.md
	EndProjectSection
EndProject
Project("{FAE04EC0-301F-11D3-BF4B-00C04F79EFBC}") = "Damntry Globals BepInEx", "..\..\!!Global Libraries\Damntry Globals BepInEx\Damntry Globals BepInEx.csproj", "{D3817371-BAE8-48D8-A465-00274515A94E}"
EndProject
Project("{FAE04EC0-301F-11D3-BF4B-00C04F79EFBC}") = "Damntry Globals Unity", "..\..\!!Global Libraries\Damntry Globals Unity\Damntry Globals Unity.csproj", "{24B51AC0-6C5B-4A37-83B8-2343FBBBAE02}"
EndProject
Global
	GlobalSection(SolutionConfigurationPlatforms) = preSolution
		Debug|Any CPU = Debug|Any CPU
		Release|Any CPU = Release|Any CPU
		zLaptop|Any CPU = zLaptop|Any CPU
	EndGlobalSection
	GlobalSection(ProjectConfigurationPlatforms) = postSolution
		{41BCAF60-6308-47A6-80D0-4DD206F1D8C0}.Debug|Any CPU.ActiveCfg = Debug|Any CPU
		{41BCAF60-6308-47A6-80D0-4DD206F1D8C0}.Debug|Any CPU.Build.0 = Debug|Any CPU
		{41BCAF60-6308-47A6-80D0-4DD206F1D8C0}.Release|Any CPU.ActiveCfg = Release|Any CPU
		{41BCAF60-6308-47A6-80D0-4DD206F1D8C0}.Release|Any CPU.Build.0 = Release|Any CPU
		{41BCAF60-6308-47A6-80D0-4DD206F1D8C0}.zLaptop|Any CPU.ActiveCfg = Laptop|Any CPU
		{41BCAF60-6308-47A6-80D0-4DD206F1D8C0}.zLaptop|Any CPU.Build.0 = Laptop|Any CPU
		{C50E4BA0-23CB-4D55-BF35-024917E7730D}.Debug|Any CPU.ActiveCfg = Debug|Any CPU
		{C50E4BA0-23CB-4D55-BF35-024917E7730D}.Debug|Any CPU.Build.0 = Debug|Any CPU
		{C50E4BA0-23CB-4D55-BF35-024917E7730D}.Release|Any CPU.ActiveCfg = Release|Any CPU
		{C50E4BA0-23CB-4D55-BF35-024917E7730D}.Release|Any CPU.Build.0 = Release|Any CPU
		{C50E4BA0-23CB-4D55-BF35-024917E7730D}.zLaptop|Any CPU.ActiveCfg = Debug|Any CPU
		{C50E4BA0-23CB-4D55-BF35-024917E7730D}.zLaptop|Any CPU.Build.0 = Debug|Any CPU
		{D3817371-BAE8-48D8-A465-00274515A94E}.Debug|Any CPU.ActiveCfg = Debug|Any CPU
		{D3817371-BAE8-48D8-A465-00274515A94E}.Debug|Any CPU.Build.0 = Debug|Any CPU
		{D3817371-BAE8-48D8-A465-00274515A94E}.Release|Any CPU.ActiveCfg = Release|Any CPU
		{D3817371-BAE8-48D8-A465-00274515A94E}.Release|Any CPU.Build.0 = Release|Any CPU
		{D3817371-BAE8-48D8-A465-00274515A94E}.zLaptop|Any CPU.ActiveCfg = Debug|Any CPU
		{D3817371-BAE8-48D8-A465-00274515A94E}.zLaptop|Any CPU.Build.0 = Debug|Any CPU
		{24B51AC0-6C5B-4A37-83B8-2343FBBBAE02}.Debug|Any CPU.ActiveCfg = Debug|Any CPU
		{24B51AC0-6C5B-4A37-83B8-2343FBBBAE02}.Debug|Any CPU.Build.0 = Debug|Any CPU
		{24B51AC0-6C5B-4A37-83B8-2343FBBBAE02}.Release|Any CPU.ActiveCfg = Release|Any CPU
		{24B51AC0-6C5B-4A37-83B8-2343FBBBAE02}.Release|Any CPU.Build.0 = Release|Any CPU
		{24B51AC0-6C5B-4A37-83B8-2343FBBBAE02}.zLaptop|Any CPU.ActiveCfg = Debug|Any CPU
		{24B51AC0-6C5B-4A37-83B8-2343FBBBAE02}.zLaptop|Any CPU.Build.0 = Debug|Any CPU
	EndGlobalSection
	GlobalSection(SolutionProperties) = preSolution
		HideSolutionNode = FALSE
	EndGlobalSection
	GlobalSection(ExtensibilityGlobals) = postSolution
		SolutionGuid = {7BCEBB8A-82A8-43DB-AA97-E19F0A51D7BE}
	EndGlobalSection
EndGlobal
